
Microsoft Visual Studio Solution File, Format Version 12.00
# Visual Studio Version 17
VisualStudioVersion = 17.0.31903.59
MinimumVisualStudioVersion = 10.0.40219.1
Project("{FAE04EC0-301F-11D3-BF4B-00C04F79EFBC}") = "ConsoleApp1", "ConsoleApp1\ConsoleApp1.csproj", "{8AA9BC95-CB6E-4080-AD3A-DD54580E2ED1}"
EndProject
Project("{FAE04EC0-301F-11D3-BF4B-00C04F79EFBC}") = "SampleApp", "SampleApp\SampleApp.csproj", "{E17DEC3D-4643-4E41-87BB-92EB60D0287F}"
EndProject
Project("{FAE04EC0-301F-11D3-BF4B-00C04F79EFBC}") = "ObjectDemo", "ObjectDemo\ObjectDemo.csproj", "{D05093C1-DB82-4B4E-AFCC-D2A1B95062D3}"
EndProject
Project("{FAE04EC0-301F-11D3-BF4B-00C04F79EFBC}") = "MethodDemo", "MethodDemo\MethodDemo.csproj", "{16E9475C-CB48-4C06-AC90-65ECD2B62927}"
EndProject
Project("{FAE04EC0-301F-11D3-BF4B-00C04F79EFBC}") = "DelegateDemo", "DelegateDemo\DelegateDemo.csproj", "{437BBB50-9029-4C10-AB0D-FCEB3648E33E}"
EndProject
Project("{FAE04EC0-301F-11D3-BF4B-00C04F79EFBC}") = "LambdaDemo", "LambdaDemo\LambdaDemo.csproj", "{77CFE575-B1B1-462B-B260-133D457616A3}"
EndProject
Project("{FAE04EC0-301F-11D3-BF4B-00C04F79EFBC}") = "LocalFunctions", "LocalFunctions\LocalFunctions.csproj", "{A2B4C5FC-A78B-4560-9212-398343BE096E}"
EndProject
Project("{FAE04EC0-301F-11D3-BF4B-00C04F79EFBC}") = "InheritanceDemo", "InheritanceDemo\InheritanceDemo.csproj", "{FB085541-A2D6-4CC2-B649-8680764D9C00}"
EndProject
Project("{FAE04EC0-301F-11D3-BF4B-00C04F79EFBC}") = "AbstractDemo", "AbstractDemo\AbstractDemo.csproj", "{E097D5F6-4819-46CB-9DA1-71EC8A0EB0CD}"
EndProject
Project("{FAE04EC0-301F-11D3-BF4B-00C04F79EFBC}") = "InterfaceDemo", "InterfaceDemo\InterfaceDemo.csproj", "{531F599A-28E6-414C-BE1F-5A9F7F4E8404}"
EndProject
Global
	GlobalSection(SolutionConfigurationPlatforms) = preSolution
		Debug|Any CPU = Debug|Any CPU
		Debug|x64 = Debug|x64
		Debug|x86 = Debug|x86
		Release|Any CPU = Release|Any CPU
		Release|x64 = Release|x64
		Release|x86 = Release|x86
	EndGlobalSection
	GlobalSection(ProjectConfigurationPlatforms) = postSolution
		{8AA9BC95-CB6E-4080-AD3A-DD54580E2ED1}.Debug|Any CPU.ActiveCfg = Debug|Any CPU
		{8AA9BC95-CB6E-4080-AD3A-DD54580E2ED1}.Debug|Any CPU.Build.0 = Debug|Any CPU
		{8AA9BC95-CB6E-4080-AD3A-DD54580E2ED1}.Debug|x64.ActiveCfg = Debug|Any CPU
		{8AA9BC95-CB6E-4080-AD3A-DD54580E2ED1}.Debug|x64.Build.0 = Debug|Any CPU
		{8AA9BC95-CB6E-4080-AD3A-DD54580E2ED1}.Debug|x86.ActiveCfg = Debug|Any CPU
		{8AA9BC95-CB6E-4080-AD3A-DD54580E2ED1}.Debug|x86.Build.0 = Debug|Any CPU
		{8AA9BC95-CB6E-4080-AD3A-DD54580E2ED1}.Release|Any CPU.ActiveCfg = Release|Any CPU
		{8AA9BC95-CB6E-4080-AD3A-DD54580E2ED1}.Release|Any CPU.Build.0 = Release|Any CPU
		{8AA9BC95-CB6E-4080-AD3A-DD54580E2ED1}.Release|x64.ActiveCfg = Release|Any CPU
		{8AA9BC95-CB6E-4080-AD3A-DD54580E2ED1}.Release|x64.Build.0 = Release|Any CPU
		{8AA9BC95-CB6E-4080-AD3A-DD54580E2ED1}.Release|x86.ActiveCfg = Release|Any CPU
		{8AA9BC95-CB6E-4080-AD3A-DD54580E2ED1}.Release|x86.Build.0 = Release|Any CPU
		{E17DEC3D-4643-4E41-87BB-92EB60D0287F}.Debug|Any CPU.ActiveCfg = Debug|Any CPU
		{E17DEC3D-4643-4E41-87BB-92EB60D0287F}.Debug|Any CPU.Build.0 = Debug|Any CPU
		{E17DEC3D-4643-4E41-87BB-92EB60D0287F}.Debug|x64.ActiveCfg = Debug|Any CPU
		{E17DEC3D-4643-4E41-87BB-92EB60D0287F}.Debug|x64.Build.0 = Debug|Any CPU
		{E17DEC3D-4643-4E41-87BB-92EB60D0287F}.Debug|x86.ActiveCfg = Debug|Any CPU
		{E17DEC3D-4643-4E41-87BB-92EB60D0287F}.Debug|x86.Build.0 = Debug|Any CPU
		{E17DEC3D-4643-4E41-87BB-92EB60D0287F}.Release|Any CPU.ActiveCfg = Release|Any CPU
		{E17DEC3D-4643-4E41-87BB-92EB60D0287F}.Release|Any CPU.Build.0 = Release|Any CPU
		{E17DEC3D-4643-4E41-87BB-92EB60D0287F}.Release|x64.ActiveCfg = Release|Any CPU
		{E17DEC3D-4643-4E41-87BB-92EB60D0287F}.Release|x64.Build.0 = Release|Any CPU
		{E17DEC3D-4643-4E41-87BB-92EB60D0287F}.Release|x86.ActiveCfg = Release|Any CPU
		{E17DEC3D-4643-4E41-87BB-92EB60D0287F}.Release|x86.Build.0 = Release|Any CPU
		{D05093C1-DB82-4B4E-AFCC-D2A1B95062D3}.Debug|Any CPU.ActiveCfg = Debug|Any CPU
		{D05093C1-DB82-4B4E-AFCC-D2A1B95062D3}.Debug|Any CPU.Build.0 = Debug|Any CPU
		{D05093C1-DB82-4B4E-AFCC-D2A1B95062D3}.Debug|x64.ActiveCfg = Debug|Any CPU
		{D05093C1-DB82-4B4E-AFCC-D2A1B95062D3}.Debug|x64.Build.0 = Debug|Any CPU
		{D05093C1-DB82-4B4E-AFCC-D2A1B95062D3}.Debug|x86.ActiveCfg = Debug|Any CPU
		{D05093C1-DB82-4B4E-AFCC-D2A1B95062D3}.Debug|x86.Build.0 = Debug|Any CPU
		{D05093C1-DB82-4B4E-AFCC-D2A1B95062D3}.Release|Any CPU.ActiveCfg = Release|Any CPU
		{D05093C1-DB82-4B4E-AFCC-D2A1B95062D3}.Release|Any CPU.Build.0 = Release|Any CPU
		{D05093C1-DB82-4B4E-AFCC-D2A1B95062D3}.Release|x64.ActiveCfg = Release|Any CPU
		{D05093C1-DB82-4B4E-AFCC-D2A1B95062D3}.Release|x64.Build.0 = Release|Any CPU
		{D05093C1-DB82-4B4E-AFCC-D2A1B95062D3}.Release|x86.ActiveCfg = Release|Any CPU
		{D05093C1-DB82-4B4E-AFCC-D2A1B95062D3}.Release|x86.Build.0 = Release|Any CPU
		{16E9475C-CB48-4C06-AC90-65ECD2B62927}.Debug|Any CPU.ActiveCfg = Debug|Any CPU
		{16E9475C-CB48-4C06-AC90-65ECD2B62927}.Debug|Any CPU.Build.0 = Debug|Any CPU
		{16E9475C-CB48-4C06-AC90-65ECD2B62927}.Debug|x64.ActiveCfg = Debug|Any CPU
		{16E9475C-CB48-4C06-AC90-65ECD2B62927}.Debug|x64.Build.0 = Debug|Any CPU
		{16E9475C-CB48-4C06-AC90-65ECD2B62927}.Debug|x86.ActiveCfg = Debug|Any CPU
		{16E9475C-CB48-4C06-AC90-65ECD2B62927}.Debug|x86.Build.0 = Debug|Any CPU
		{16E9475C-CB48-4C06-AC90-65ECD2B62927}.Release|Any CPU.ActiveCfg = Release|Any CPU
		{16E9475C-CB48-4C06-AC90-65ECD2B62927}.Release|Any CPU.Build.0 = Release|Any CPU
		{16E9475C-CB48-4C06-AC90-65ECD2B62927}.Release|x64.ActiveCfg = Release|Any CPU
		{16E9475C-CB48-4C06-AC90-65ECD2B62927}.Release|x64.Build.0 = Release|Any CPU
		{16E9475C-CB48-4C06-AC90-65ECD2B62927}.Release|x86.ActiveCfg = Release|Any CPU
		{16E9475C-CB48-4C06-AC90-65ECD2B62927}.Release|x86.Build.0 = Release|Any CPU
		{437BBB50-9029-4C10-AB0D-FCEB3648E33E}.Debug|Any CPU.ActiveCfg = Debug|Any CPU
		{437BBB50-9029-4C10-AB0D-FCEB3648E33E}.Debug|Any CPU.Build.0 = Debug|Any CPU
		{437BBB50-9029-4C10-AB0D-FCEB3648E33E}.Debug|x64.ActiveCfg = Debug|Any CPU
		{437BBB50-9029-4C10-AB0D-FCEB3648E33E}.Debug|x64.Build.0 = Debug|Any CPU
		{437BBB50-9029-4C10-AB0D-FCEB3648E33E}.Debug|x86.ActiveCfg = Debug|Any CPU
		{437BBB50-9029-4C10-AB0D-FCEB3648E33E}.Debug|x86.Build.0 = Debug|Any CPU
		{437BBB50-9029-4C10-AB0D-FCEB3648E33E}.Release|Any CPU.ActiveCfg = Release|Any CPU
		{437BBB50-9029-4C10-AB0D-FCEB3648E33E}.Release|Any CPU.Build.0 = Release|Any CPU
		{437BBB50-9029-4C10-AB0D-FCEB3648E33E}.Release|x64.ActiveCfg = Release|Any CPU
		{437BBB50-9029-4C10-AB0D-FCEB3648E33E}.Release|x64.Build.0 = Release|Any CPU
		{437BBB50-9029-4C10-AB0D-FCEB3648E33E}.Release|x86.ActiveCfg = Release|Any CPU
		{437BBB50-9029-4C10-AB0D-FCEB3648E33E}.Release|x86.Build.0 = Release|Any CPU
		{77CFE575-B1B1-462B-B260-133D457616A3}.Debug|Any CPU.ActiveCfg = Debug|Any CPU
		{77CFE575-B1B1-462B-B260-133D457616A3}.Debug|Any CPU.Build.0 = Debug|Any CPU
		{77CFE575-B1B1-462B-B260-133D457616A3}.Debug|x64.ActiveCfg = Debug|Any CPU
		{77CFE575-B1B1-462B-B260-133D457616A3}.Debug|x64.Build.0 = Debug|Any CPU
		{77CFE575-B1B1-462B-B260-133D457616A3}.Debug|x86.ActiveCfg = Debug|Any CPU
		{77CFE575-B1B1-462B-B260-133D457616A3}.Debug|x86.Build.0 = Debug|Any CPU
		{77CFE575-B1B1-462B-B260-133D457616A3}.Release|Any CPU.ActiveCfg = Release|Any CPU
		{77CFE575-B1B1-462B-B260-133D457616A3}.Release|Any CPU.Build.0 = Release|Any CPU
		{77CFE575-B1B1-462B-B260-133D457616A3}.Release|x64.ActiveCfg = Release|Any CPU
		{77CFE575-B1B1-462B-B260-133D457616A3}.Release|x64.Build.0 = Release|Any CPU
		{77CFE575-B1B1-462B-B260-133D457616A3}.Release|x86.ActiveCfg = Release|Any CPU
		{77CFE575-B1B1-462B-B260-133D457616A3}.Release|x86.Build.0 = Release|Any CPU
		{A2B4C5FC-A78B-4560-9212-398343BE096E}.Debug|Any CPU.ActiveCfg = Debug|Any CPU
		{A2B4C5FC-A78B-4560-9212-398343BE096E}.Debug|Any CPU.Build.0 = Debug|Any CPU
		{A2B4C5FC-A78B-4560-9212-398343BE096E}.Debug|x64.ActiveCfg = Debug|Any CPU
		{A2B4C5FC-A78B-4560-9212-398343BE096E}.Debug|x64.Build.0 = Debug|Any CPU
		{A2B4C5FC-A78B-4560-9212-398343BE096E}.Debug|x86.ActiveCfg = Debug|Any CPU
		{A2B4C5FC-A78B-4560-9212-398343BE096E}.Debug|x86.Build.0 = Debug|Any CPU
		{A2B4C5FC-A78B-4560-9212-398343BE096E}.Release|Any CPU.ActiveCfg = Release|Any CPU
		{A2B4C5FC-A78B-4560-9212-398343BE096E}.Release|Any CPU.Build.0 = Release|Any CPU
		{A2B4C5FC-A78B-4560-9212-398343BE096E}.Release|x64.ActiveCfg = Release|Any CPU
		{A2B4C5FC-A78B-4560-9212-398343BE096E}.Release|x64.Build.0 = Release|Any CPU
		{A2B4C5FC-A78B-4560-9212-398343BE096E}.Release|x86.ActiveCfg = Release|Any CPU
		{A2B4C5FC-A78B-4560-9212-398343BE096E}.Release|x86.Build.0 = Release|Any CPU
		{FB085541-A2D6-4CC2-B649-8680764D9C00}.Debug|Any CPU.ActiveCfg = Debug|Any CPU
		{FB085541-A2D6-4CC2-B649-8680764D9C00}.Debug|Any CPU.Build.0 = Debug|Any CPU
		{FB085541-A2D6-4CC2-B649-8680764D9C00}.Debug|x64.ActiveCfg = Debug|Any CPU
		{FB085541-A2D6-4CC2-B649-8680764D9C00}.Debug|x64.Build.0 = Debug|Any CPU
		{FB085541-A2D6-4CC2-B649-8680764D9C00}.Debug|x86.ActiveCfg = Debug|Any CPU
		{FB085541-A2D6-4CC2-B649-8680764D9C00}.Debug|x86.Build.0 = Debug|Any CPU
		{FB085541-A2D6-4CC2-B649-8680764D9C00}.Release|Any CPU.ActiveCfg = Release|Any CPU
		{FB085541-A2D6-4CC2-B649-8680764D9C00}.Release|Any CPU.Build.0 = Release|Any CPU
		{FB085541-A2D6-4CC2-B649-8680764D9C00}.Release|x64.ActiveCfg = Release|Any CPU
		{FB085541-A2D6-4CC2-B649-8680764D9C00}.Release|x64.Build.0 = Release|Any CPU
		{FB085541-A2D6-4CC2-B649-8680764D9C00}.Release|x86.ActiveCfg = Release|Any CPU
		{FB085541-A2D6-4CC2-B649-8680764D9C00}.Release|x86.Build.0 = Release|Any CPU
		{E097D5F6-4819-46CB-9DA1-71EC8A0EB0CD}.Debug|Any CPU.ActiveCfg = Debug|Any CPU
		{E097D5F6-4819-46CB-9DA1-71EC8A0EB0CD}.Debug|Any CPU.Build.0 = Debug|Any CPU
		{E097D5F6-4819-46CB-9DA1-71EC8A0EB0CD}.Debug|x64.ActiveCfg = Debug|Any CPU
		{E097D5F6-4819-46CB-9DA1-71EC8A0EB0CD}.Debug|x64.Build.0 = Debug|Any CPU
		{E097D5F6-4819-46CB-9DA1-71EC8A0EB0CD}.Debug|x86.ActiveCfg = Debug|Any CPU
		{E097D5F6-4819-46CB-9DA1-71EC8A0EB0CD}.Debug|x86.Build.0 = Debug|Any CPU
		{E097D5F6-4819-46CB-9DA1-71EC8A0EB0CD}.Release|Any CPU.ActiveCfg = Release|Any CPU
		{E097D5F6-4819-46CB-9DA1-71EC8A0EB0CD}.Release|Any CPU.Build.0 = Release|Any CPU
		{E097D5F6-4819-46CB-9DA1-71EC8A0EB0CD}.Release|x64.ActiveCfg = Release|Any CPU
		{E097D5F6-4819-46CB-9DA1-71EC8A0EB0CD}.Release|x64.Build.0 = Release|Any CPU
		{E097D5F6-4819-46CB-9DA1-71EC8A0EB0CD}.Release|x86.ActiveCfg = Release|Any CPU
		{E097D5F6-4819-46CB-9DA1-71EC8A0EB0CD}.Release|x86.Build.0 = Release|Any CPU
		{531F599A-28E6-414C-BE1F-5A9F7F4E8404}.Debug|Any CPU.ActiveCfg = Debug|Any CPU
		{531F599A-28E6-414C-BE1F-5A9F7F4E8404}.Debug|Any CPU.Build.0 = Debug|Any CPU
		{531F599A-28E6-414C-BE1F-5A9F7F4E8404}.Debug|x64.ActiveCfg = Debug|Any CPU
		{531F599A-28E6-414C-BE1F-5A9F7F4E8404}.Debug|x64.Build.0 = Debug|Any CPU
		{531F599A-28E6-414C-BE1F-5A9F7F4E8404}.Debug|x86.ActiveCfg = Debug|Any CPU
		{531F599A-28E6-414C-BE1F-5A9F7F4E8404}.Debug|x86.Build.0 = Debug|Any CPU
		{531F599A-28E6-414C-BE1F-5A9F7F4E8404}.Release|Any CPU.ActiveCfg = Release|Any CPU
		{531F599A-28E6-414C-BE1F-5A9F7F4E8404}.Release|Any CPU.Build.0 = Release|Any CPU
		{531F599A-28E6-414C-BE1F-5A9F7F4E8404}.Release|x64.ActiveCfg = Release|Any CPU
		{531F599A-28E6-414C-BE1F-5A9F7F4E8404}.Release|x64.Build.0 = Release|Any CPU
		{531F599A-28E6-414C-BE1F-5A9F7F4E8404}.Release|x86.ActiveCfg = Release|Any CPU
		{531F599A-28E6-414C-BE1F-5A9F7F4E8404}.Release|x86.Build.0 = Release|Any CPU
	EndGlobalSection
	GlobalSection(SolutionProperties) = preSolution
		HideSolutionNode = FALSE
	EndGlobalSection
EndGlobal
